
Microsoft Visual Studio Solution File, Format Version 12.00
# Visual Studio Version 16
VisualStudioVersion = 16.0.30320.27
MinimumVisualStudioVersion = 10.0.40219.1
Project("{FAE04EC0-301F-11D3-BF4B-00C04F79EFBC}") = "QuartRenderPlayground", "QuartRenderPlayground.csproj", "{DFBC6F25-4A01-4CB2-90C8-F5B7DCBAE66D}"
EndProject
Global
	GlobalSection(SolutionConfigurationPlatforms) = preSolution
		Debug|Any CPU = Debug|Any CPU
		Release|Any CPU = Release|Any CPU
	EndGlobalSection
	GlobalSection(ProjectConfigurationPlatforms) = postSolution
		{DFBC6F25-4A01-4CB2-90C8-F5B7DCBAE66D}.Debug|Any CPU.ActiveCfg = Debug|Any CPU
		{DFBC6F25-4A01-4CB2-90C8-F5B7DCBAE66D}.Debug|Any CPU.Build.0 = Debug|Any CPU
		{DFBC6F25-4A01-4CB2-90C8-F5B7DCBAE66D}.Release|Any CPU.ActiveCfg = Release|Any CPU
		{DFBC6F25-4A01-4CB2-90C8-F5B7DCBAE66D}.Release|Any CPU.Build.0 = Release|Any CPU
	EndGlobalSection
	GlobalSection(SolutionProperties) = preSolution
		HideSolutionNode = FALSE
	EndGlobalSection
	GlobalSection(ExtensibilityGlobals) = postSolution
		SolutionGuid = {A8A4DAB5-EF83-4361-A994-B7F3404D4C96}
	EndGlobalSection
EndGlobal
